
Microsoft Visual Studio Solution File, Format Version 12.00
# Visual Studio Version 17
VisualStudioVersion = 17.9.34728.123
MinimumVisualStudioVersion = 10.0.40219.1
Project("{9A19103F-16F7-4668-BE54-9A1E7A4F7556}") = "DataAccess", "DataAccess\DataAccess.csproj", "{EA4ED146-8155-4A76-9725-7620C2A5E588}"
EndProject
Project("{9A19103F-16F7-4668-BE54-9A1E7A4F7556}") = "Business", "Business\Business.csproj", "{0AAFCAFE-74D2-4388-81C1-EF3DC6BF27C0}"
EndProject
Project("{9A19103F-16F7-4668-BE54-9A1E7A4F7556}") = "Entities", "Entities\Entities.csproj", "{BE53AC70-C7FB-47DF-9205-40DD16D86363}"
EndProject
Project("{9A19103F-16F7-4668-BE54-9A1E7A4F7556}") = "ConsoleUI", "ConsoleUI\ConsoleUI.csproj", "{A3CCAF21-0B6E-4D65-80CE-42F5123E5FFF}"
EndProject
Project("{9A19103F-16F7-4668-BE54-9A1E7A4F7556}") = "Core", "Core\Core.csproj", "{D71E3329-140C-4402-8EF4-8B550F1384AA}"
EndProject
Project("{FAE04EC0-301F-11D3-BF4B-00C04F79EFBC}") = "WebAPI", "WebAPI\WebAPI.csproj", "{83FD7095-7A2B-4CB1-BD32-E810E7D265A2}"
EndProject
Global
	GlobalSection(SolutionConfigurationPlatforms) = preSolution
		Debug|Any CPU = Debug|Any CPU
		Release|Any CPU = Release|Any CPU
	EndGlobalSection
	GlobalSection(ProjectConfigurationPlatforms) = postSolution
		{EA4ED146-8155-4A76-9725-7620C2A5E588}.Debug|Any CPU.ActiveCfg = Debug|Any CPU
		{EA4ED146-8155-4A76-9725-7620C2A5E588}.Debug|Any CPU.Build.0 = Debug|Any CPU
		{EA4ED146-8155-4A76-9725-7620C2A5E588}.Release|Any CPU.ActiveCfg = Release|Any CPU
		{EA4ED146-8155-4A76-9725-7620C2A5E588}.Release|Any CPU.Build.0 = Release|Any CPU
		{0AAFCAFE-74D2-4388-81C1-EF3DC6BF27C0}.Debug|Any CPU.ActiveCfg = Debug|Any CPU
		{0AAFCAFE-74D2-4388-81C1-EF3DC6BF27C0}.Debug|Any CPU.Build.0 = Debug|Any CPU
		{0AAFCAFE-74D2-4388-81C1-EF3DC6BF27C0}.Release|Any CPU.ActiveCfg = Release|Any CPU
		{0AAFCAFE-74D2-4388-81C1-EF3DC6BF27C0}.Release|Any CPU.Build.0 = Release|Any CPU
		{BE53AC70-C7FB-47DF-9205-40DD16D86363}.Debug|Any CPU.ActiveCfg = Debug|Any CPU
		{BE53AC70-C7FB-47DF-9205-40DD16D86363}.Debug|Any CPU.Build.0 = Debug|Any CPU
		{BE53AC70-C7FB-47DF-9205-40DD16D86363}.Release|Any CPU.ActiveCfg = Release|Any CPU
		{BE53AC70-C7FB-47DF-9205-40DD16D86363}.Release|Any CPU.Build.0 = Release|Any CPU
		{A3CCAF21-0B6E-4D65-80CE-42F5123E5FFF}.Debug|Any CPU.ActiveCfg = Debug|Any CPU
		{A3CCAF21-0B6E-4D65-80CE-42F5123E5FFF}.Debug|Any CPU.Build.0 = Debug|Any CPU
		{A3CCAF21-0B6E-4D65-80CE-42F5123E5FFF}.Release|Any CPU.ActiveCfg = Release|Any CPU
		{A3CCAF21-0B6E-4D65-80CE-42F5123E5FFF}.Release|Any CPU.Build.0 = Release|Any CPU
		{D71E3329-140C-4402-8EF4-8B550F1384AA}.Debug|Any CPU.ActiveCfg = Debug|Any CPU
		{D71E3329-140C-4402-8EF4-8B550F1384AA}.Debug|Any CPU.Build.0 = Debug|Any CPU
		{D71E3329-140C-4402-8EF4-8B550F1384AA}.Release|Any CPU.ActiveCfg = Release|Any CPU
		{D71E3329-140C-4402-8EF4-8B550F1384AA}.Release|Any CPU.Build.0 = Release|Any CPU
		{83FD7095-7A2B-4CB1-BD32-E810E7D265A2}.Debug|Any CPU.ActiveCfg = Debug|Any CPU
		{83FD7095-7A2B-4CB1-BD32-E810E7D265A2}.Debug|Any CPU.Build.0 = Debug|Any CPU
		{83FD7095-7A2B-4CB1-BD32-E810E7D265A2}.Release|Any CPU.ActiveCfg = Release|Any CPU
		{83FD7095-7A2B-4CB1-BD32-E810E7D265A2}.Release|Any CPU.Build.0 = Release|Any CPU
	EndGlobalSection
	GlobalSection(SolutionProperties) = preSolution
		HideSolutionNode = FALSE
	EndGlobalSection
	GlobalSection(ExtensibilityGlobals) = postSolution
		SolutionGuid = {1DB29DD1-0251-481B-ADFC-AA92F73D4E4A}
	EndGlobalSection
EndGlobal
